// !$*UTF8*$!
{
	archiveVersion = 1;
	classes = {
	};
	objectVersion = 46;
	objects = {

/* Begin PBXBuildFile section */
		92238D2A1EF6CC5800B2F14D /* main.m in Sources */ = {isa = PBXBuildFile; fileRef = 92238D291EF6CC5800B2F14D /* main.m */; };
		92238D2D1EF6CC5800B2F14D /* AppDelegate.m in Sources */ = {isa = PBXBuildFile; fileRef = 92238D2C1EF6CC5800B2F14D /* AppDelegate.m */; };
		92238D301EF6CC5800B2F14D /* ViewController.m in Sources */ = {isa = PBXBuildFile; fileRef = 92238D2F1EF6CC5800B2F14D /* ViewController.m */; };
		92238D331EF6CC5800B2F14D /* Main.storyboard in Resources */ = {isa = PBXBuildFile; fileRef = 92238D311EF6CC5800B2F14D /* Main.storyboard */; };
		92238D351EF6CC5800B2F14D /* Assets.xcassets in Resources */ = {isa = PBXBuildFile; fileRef = 92238D341EF6CC5800B2F14D /* Assets.xcassets */; };
		92238D381EF6CC5800B2F14D /* LaunchScreen.storyboard in Resources */ = {isa = PBXBuildFile; fileRef = 92238D361EF6CC5800B2F14D /* LaunchScreen.storyboard */; };
		92238D411EF6CCF500B2F14D /* LeaderBoardViewController.m in Sources */ = {isa = PBXBuildFile; fileRef = 92238D401EF6CCF500B2F14D /* LeaderBoardViewController.m */; };
		92238D431EF6CE2500B2F14D /* click-here.png in Resources */ = {isa = PBXBuildFile; fileRef = 92238D421EF6CE2500B2F14D /* click-here.png */; };
		928DA1441EFFD899004C4E4F /* LeaderRow.m in Sources */ = {isa = PBXBuildFile; fileRef = 928DA1431EFFD899004C4E4F /* LeaderRow.m */; };
/* End PBXBuildFile section */

/* Begin PBXFileReference section */
		92238D251EF6CC5800B2F14D /* how's stronger.app */ = {isa = PBXFileReference; explicitFileType = wrapper.application; includeInIndex = 0; path = "how's stronger.app"; sourceTree = BUILT_PRODUCTS_DIR; };
		92238D291EF6CC5800B2F14D /* main.m */ = {isa = PBXFileReference; lastKnownFileType = sourcecode.c.objc; path = main.m; sourceTree = "<group>"; };
		92238D2B1EF6CC5800B2F14D /* AppDelegate.h */ = {isa = PBXFileReference; lastKnownFileType = sourcecode.c.h; path = AppDelegate.h; sourceTree = "<group>"; };
		92238D2C1EF6CC5800B2F14D /* AppDelegate.m */ = {isa = PBXFileReference; lastKnownFileType = sourcecode.c.objc; path = AppDelegate.m; sourceTree = "<group>"; };
		92238D2E1EF6CC5800B2F14D /* ViewController.h */ = {isa = PBXFileReference; lastKnownFileType = sourcecode.c.h; path = ViewController.h; sourceTree = "<group>"; };
		92238D2F1EF6CC5800B2F14D /* ViewController.m */ = {isa = PBXFileReference; lastKnownFileType = sourcecode.c.objc; path = ViewController.m; sourceTree = "<group>"; };
		92238D321EF6CC5800B2F14D /* Base */ = {isa = PBXFileReference; lastKnownFileType = file.storyboard; name = Base; path = Base.lproj/Main.storyboard; sourceTree = "<group>"; };
		92238D341EF6CC5800B2F14D /* Assets.xcassets */ = {isa = PBXFileReference; lastKnownFileType = folder.assetcatalog; path = Assets.xcassets; sourceTree = "<group>"; };
		92238D371EF6CC5800B2F14D /* Base */ = {isa = PBXFileReference; lastKnownFileType = file.storyboard; name = Base; path = Base.lproj/LaunchScreen.storyboard; sourceTree = "<group>"; };
		92238D391EF6CC5800B2F14D /* Info.plist */ = {isa = PBXFileReference; lastKnownFileType = text.plist.xml; path = Info.plist; sourceTree = "<group>"; };
		92238D3F1EF6CCE600B2F14D /* LeaderBoardViewController.h */ = {isa = PBXFileReference; lastKnownFileType = sourcecode.c.h; path = LeaderBoardViewController.h; sourceTree = "<group>"; };
		92238D401EF6CCF500B2F14D /* LeaderBoardViewController.m */ = {isa = PBXFileReference; fileEncoding = 4; lastKnownFileType = sourcecode.c.objc; path = LeaderBoardViewController.m; sourceTree = "<group>"; };
		92238D421EF6CE2500B2F14D /* click-here.png */ = {isa = PBXFileReference; lastKnownFileType = image.png; name = "click-here.png"; path = "../../../../../Downloads/click-here.png"; sourceTree = "<group>"; };
		928DA1421EFFD870004C4E4F /* LeaderRow.h */ = {isa = PBXFileReference; lastKnownFileType = sourcecode.c.h; path = LeaderRow.h; sourceTree = "<group>"; };
		928DA1431EFFD899004C4E4F /* LeaderRow.m */ = {isa = PBXFileReference; fileEncoding = 4; lastKnownFileType = sourcecode.c.objc; path = LeaderRow.m; sourceTree = "<group>"; };
/* End PBXFileReference section */

/* Begin PBXFrameworksBuildPhase section */
		92238D221EF6CC5800B2F14D /* Frameworks */ = {
			isa = PBXFrameworksBuildPhase;
			buildActionMask = 2147483647;
			files = (
			);
			runOnlyForDeploymentPostprocessing = 0;
		};
/* End PBXFrameworksBuildPhase section */

/* Begin PBXGroup section */
		92238D1C1EF6CC5800B2F14D = {
			isa = PBXGroup;
			children = (
				92238D271EF6CC5800B2F14D /* how's stronger */,
				92238D261EF6CC5800B2F14D /* Products */,
			);
			sourceTree = "<group>";
		};
		92238D261EF6CC5800B2F14D /* Products */ = {
			isa = PBXGroup;
			children = (
				92238D251EF6CC5800B2F14D /* how's stronger.app */,
			);
			name = Products;
			sourceTree = "<group>";
		};
		92238D271EF6CC5800B2F14D /* how's stronger */ = {
			isa = PBXGroup;
			children = (
				92238D421EF6CE2500B2F14D /* click-here.png */,
				92238D2B1EF6CC5800B2F14D /* AppDelegate.h */,
				92238D2C1EF6CC5800B2F14D /* AppDelegate.m */,
				92238D2E1EF6CC5800B2F14D /* ViewController.h */,
				92238D2F1EF6CC5800B2F14D /* ViewController.m */,
				92238D311EF6CC5800B2F14D /* Main.storyboard */,
				92238D341EF6CC5800B2F14D /* Assets.xcassets */,
				92238D361EF6CC5800B2F14D /* LaunchScreen.storyboard */,
				92238D391EF6CC5800B2F14D /* Info.plist */,
				92238D281EF6CC5800B2F14D /* Supporting Files */,
				92238D3F1EF6CCE600B2F14D /* LeaderBoardViewController.h */,
				92238D401EF6CCF500B2F14D /* LeaderBoardViewController.m */,
				928DA1421EFFD870004C4E4F /* LeaderRow.h */,
				928DA1431EFFD899004C4E4F /* LeaderRow.m */,
			);
			path = "how's stronger";
			sourceTree = "<group>";
		};
		92238D281EF6CC5800B2F14D /* Supporting Files */ = {
			isa = PBXGroup;
			children = (
				92238D291EF6CC5800B2F14D /* main.m */,
			);
			name = "Supporting Files";
			sourceTree = "<group>";
		};
/* End PBXGroup section */

/* Begin PBXNativeTarget section */
		92238D241EF6CC5800B2F14D /* how's stronger */ = {
			isa = PBXNativeTarget;
			buildConfigurationList = 92238D3C1EF6CC5800B2F14D /* Build configuration list for PBXNativeTarget "how's stronger" */;
			buildPhases = (
				92238D211EF6CC5800B2F14D /* Sources */,
				92238D221EF6CC5800B2F14D /* Frameworks */,
				92238D231EF6CC5800B2F14D /* Resources */,
			);
			buildRules = (
			);
			dependencies = (
			);
			name = "how's stronger";
			productName = "how's stronger";
			productReference = 92238D251EF6CC5800B2F14D /* how's stronger.app */;
			productType = "com.apple.product-type.application";
		};
/* End PBXNativeTarget section */

/* Begin PBXProject section */
		92238D1D1EF6CC5800B2F14D /* Project object */ = {
			isa = PBXProject;
			attributes = {
				LastUpgradeCheck = 0830;
				ORGANIZATIONNAME = Aharon;
				TargetAttributes = {
					92238D241EF6CC5800B2F14D = {
						CreatedOnToolsVersion = 8.3.3;
						DevelopmentTeam = 74M52W6H4Q;
						ProvisioningStyle = Automatic;
					};
				};
			};
			buildConfigurationList = 92238D201EF6CC5800B2F14D /* Build configuration list for PBXProject "how's stronger" */;
			compatibilityVersion = "Xcode 3.2";
			developmentRegion = English;
			hasScannedForEncodings = 0;
			knownRegions = (
				en,
				Base,
			);
			mainGroup = 92238D1C1EF6CC5800B2F14D;
			productRefGroup = 92238D261EF6CC5800B2F14D /* Products */;
			projectDirPath = "";
			projectRoot = "";
			targets = (
				92238D241EF6CC5800B2F14D /* how's stronger */,
			);
		};
/* End PBXProject section */

/* Begin PBXResourcesBuildPhase section */
		92238D231EF6CC5800B2F14D /* Resources */ = {
			isa = PBXResourcesBuildPhase;
			buildActionMask = 2147483647;
			files = (
				92238D431EF6CE2500B2F14D /* click-here.png in Resources */,
				92238D381EF6CC5800B2F14D /* LaunchScreen.storyboard in Resources */,
				92238D351EF6CC5800B2F14D /* Assets.xcassets in Resources */,
				92238D331EF6CC5800B2F14D /* Main.storyboard in Resources */,
			);
			runOnlyForDeploymentPostprocessing = 0;
		};
/* End PBXResourcesBuildPhase section */

/* Begin PBXSourcesBuildPhase section */
		92238D211EF6CC5800B2F14D /* Sources */ = {
			isa = PBXSourcesBuildPhase;
			buildActionMask = 2147483647;
			files = (
				92238D301EF6CC5800B2F14D /* ViewController.m in Sources */,
				92238D2D1EF6CC5800B2F14D /* AppDelegate.m in Sources */,
				92238D411EF6CCF500B2F14D /* LeaderBoardViewController.m in Sources */,
				928DA1441EFFD899004C4E4F /* LeaderRow.m in Sources */,
				92238D2A1EF6CC5800B2F14D /* main.m in Sources */,
			);
			runOnlyForDeploymentPostprocessing = 0;
		};
/* End PBXSourcesBuildPhase section */

/* Begin PBXVariantGroup section */
		92238D311EF6CC5800B2F14D /* Main.storyboard */ = {
			isa = PBXVariantGroup;
			children = (
				92238D321EF6CC5800B2F14D /* Base */,
			);
			name = Main.storyboard;
			sourceTree = "<group>";
		};
		92238D361EF6CC5800B2F14D /* LaunchScreen.storyboard */ = {
			isa = PBXVariantGroup;
			children = (
				92238D371EF6CC5800B2F14D /* Base */,
			);
			name = LaunchScreen.storyboard;
			sourceTree = "<group>";
		};
/* End PBXVariantGroup section */

/* Begin XCBuildConfiguration section */
		92238D3A1EF6CC5800B2F14D /* Debug */ = {
			isa = XCBuildConfiguration;
			buildSettings = {
				ALWAYS_SEARCH_USER_PATHS = NO;
				CLANG_ANALYZER_NONNULL = YES;
				CLANG_ANALYZER_NUMBER_OBJECT_CONVERSION = YES_AGGRESSIVE;
				CLANG_CXX_LANGUAGE_STANDARD = "gnu++0x";
				CLANG_CXX_LIBRARY = "libc++";
				CLANG_ENABLE_MODULES = YES;
				CLANG_ENABLE_OBJC_ARC = YES;
				CLANG_WARN_BOOL_CONVERSION = YES;
				CLANG_WARN_CONSTANT_CONVERSION = YES;
				CLANG_WARN_DIRECT_OBJC_ISA_USAGE = YES_ERROR;
				CLANG_WARN_DOCUMENTATION_COMMENTS = YES;
				CLANG_WARN_EMPTY_BODY = YES;
				CLANG_WARN_ENUM_CONVERSION = YES;
				CLANG_WARN_INFINITE_RECURSION = YES;
				CLANG_WARN_INT_CONVERSION = YES;
				CLANG_WARN_OBJC_ROOT_CLASS = YES_ERROR;
				CLANG_WARN_SUSPICIOUS_MOVE = YES;
				CLANG_WARN_UNREACHABLE_CODE = YES;
				CLANG_WARN__DUPLICATE_METHOD_MATCH = YES;
				"CODE_SIGN_IDENTITY[sdk=iphoneos*]" = "iPhone Developer";
				COPY_PHASE_STRIP = NO;
				DEBUG_INFORMATION_FORMAT = dwarf;
				ENABLE_STRICT_OBJC_MSGSEND = YES;
				ENABLE_TESTABILITY = YES;
				GCC_C_LANGUAGE_STANDARD = gnu99;
				GCC_DYNAMIC_NO_PIC = NO;
				GCC_NO_COMMON_BLOCKS = YES;
				GCC_OPTIMIZATION_LEVEL = 0;
				GCC_PREPROCESSOR_DEFINITIONS = (
					"DEBUG=1",
					"$(inherited)",
				);
				GCC_WARN_64_TO_32_BIT_CONVERSION = YES;
				GCC_WARN_ABOUT_RETURN_TYPE = YES_ERROR;
				GCC_WARN_UNDECLARED_SELECTOR = YES;
				GCC_WARN_UNINITIALIZED_AUTOS = YES_AGGRESSIVE;
				GCC_WARN_UNUSED_FUNCTION = YES;
				GCC_WARN_UNUSED_VARIABLE = YES;
				IPHONEOS_DEPLOYMENT_TARGET = 10.3;
				MTL_ENABLE_DEBUG_INFO = YES;
				ONLY_ACTIVE_ARCH = YES;
				SDKROOT = iphoneos;
			};
			name = Debug;
		};
		92238D3B1EF6CC5800B2F14D /* Release */ = {
			isa = XCBuildConfiguration;
			buildSettings = {
				ALWAYS_SEARCH_USER_PATHS = NO;
				CLANG_ANALYZER_NONNULL = YES;
				CLANG_ANALYZER_NUMBER_OBJECT_CONVERSION = YES_AGGRESSIVE;
				CLANG_CXX_LANGUAGE_STANDARD = "gnu++0x";
				CLANG_CXX_LIBRARY = "libc++";
				CLANG_ENABLE_MODULES = YES;
				CLANG_ENABLE_OBJC_ARC = YES;
				CLANG_WARN_BOOL_CONVERSION = YES;
				CLANG_WARN_CONSTANT_CONVERSION = YES;
				CLANG_WARN_DIRECT_OBJC_ISA_USAGE = YES_ERROR;
				CLANG_WARN_DOCUMENTATION_COMMENTS = YES;
				CLANG_WARN_EMPTY_BODY = YES;
				CLANG_WARN_ENUM_CONVERSION = YES;
				CLANG_WARN_INFINITE_RECURSION = YES;
				CLANG_WARN_INT_CONVERSION = YES;
				CLANG_WARN_OBJC_ROOT_CLASS = YES_ERROR;
				CLANG_WARN_SUSPICIOUS_MOVE = YES;
				CLANG_WARN_UNREACHABLE_CODE = YES;
				CLANG_WARN__DUPLICATE_METHOD_MATCH = YES;
				"CODE_SIGN_IDENTITY[sdk=iphoneos*]" = "iPhone Developer";
				COPY_PHASE_STRIP = NO;
				DEBUG_INFORMATION_FORMAT = "dwarf-with-dsym";
				ENABLE_NS_ASSERTIONS = NO;
				ENABLE_STRICT_OBJC_MSGSEND = YES;
				GCC_C_LANGUAGE_STANDARD = gnu99;
				GCC_NO_COMMON_BLOCKS = YES;
				GCC_WARN_64_TO_32_BIT_CONVERSION = YES;
				GCC_WARN_ABOUT_RETURN_TYPE = YES_ERROR;
				GCC_WARN_UNDECLARED_SELECTOR = YES;
				GCC_WARN_UNINITIALIZED_AUTOS = YES_AGGRESSIVE;
				GCC_WARN_UNUSED_FUNCTION = YES;
				GCC_WARN_UNUSED_VARIABLE = YES;
				IPHONEOS_DEPLOYMENT_TARGET = 10.3;
				MTL_ENABLE_DEBUG_INFO = NO;
				SDKROOT = iphoneos;
				VALIDATE_PRODUCT = YES;
			};
			name = Release;
		};
		92238D3D1EF6CC5800B2F14D /* Debug */ = {
			isa = XCBuildConfiguration;
			buildSettings = {
				ASSETCATALOG_COMPILER_APPICON_NAME = AppIcon;
				DEVELOPMENT_TEAM = 74M52W6H4Q;
				INFOPLIST_FILE = "how's stronger/Info.plist";
				LD_RUNPATH_SEARCH_PATHS = "$(inherited) @executable_path/Frameworks";
				PRODUCT_BUNDLE_IDENTIFIER = "com.aharonapps.how-s-stronger";
				PRODUCT_NAME = "$(TARGET_NAME)";
			};
			name = Debug;
		};
		92238D3E1EF6CC5800B2F14D /* Release */ = {
			isa = XCBuildConfiguration;
			buildSettings = {
				ASSETCATALOG_COMPILER_APPICON_NAME = AppIcon;
				DEVELOPMENT_TEAM = 74M52W6H4Q;
				INFOPLIST_FILE = "how's stronger/Info.plist";
				LD_RUNPATH_SEARCH_PATHS = "$(inherited) @executable_path/Frameworks";
				PRODUCT_BUNDLE_IDENTIFIER = "com.aharonapps.how-s-stronger";
				PRODUCT_NAME = "$(TARGET_NAME)";
			};
			name = Release;
		};
/* End XCBuildConfiguration section */

/* Begin XCConfigurationList section */
		92238D201EF6CC5800B2F14D /* Build configuration list for PBXProject "how's stronger" */ = {
			isa = XCConfigurationList;
			buildConfigurations = (
				92238D3A1EF6CC5800B2F14D /* Debug */,
				92238D3B1EF6CC5800B2F14D /* Release */,
			);
			defaultConfigurationIsVisible = 0;
			defaultConfigurationName = Release;
		};
		92238D3C1EF6CC5800B2F14D /* Build configuration list for PBXNativeTarget "how's stronger" */ = {
			isa = XCConfigurationList;
			buildConfigurations = (
				92238D3D1EF6CC5800B2F14D /* Debug */,
				92238D3E1EF6CC5800B2F14D /* Release */,
			);
			defaultConfigurationIsVisible = 0;
			defaultConfigurationName = Release;
		};
/* End XCConfigurationList section */
	};
	rootObject = 92238D1D1EF6CC5800B2F14D /* Project object */;
}
